
Microsoft Visual Studio Solution File, Format Version 12.00
# Visual Studio 15
VisualStudioVersion = 15.0.28307.329
MinimumVisualStudioVersion = 10.0.40219.1
Project("{FAE04EC0-301F-11D3-BF4B-00C04F79EFBC}") = "WebCoreTutorial", "WebCoreTutorial\WebCoreTutorial.csproj", "{EC937286-AB7B-4C2F-AF2F-5787AF9318DF}"
EndProject
Global
	GlobalSection(SolutionConfigurationPlatforms) = preSolution
		Debug|Any CPU = Debug|Any CPU
		Release|Any CPU = Release|Any CPU
	EndGlobalSection
	GlobalSection(ProjectConfigurationPlatforms) = postSolution
		{EC937286-AB7B-4C2F-AF2F-5787AF9318DF}.Debug|Any CPU.ActiveCfg = Debug|Any CPU
		{EC937286-AB7B-4C2F-AF2F-5787AF9318DF}.Debug|Any CPU.Build.0 = Debug|Any CPU
		{EC937286-AB7B-4C2F-AF2F-5787AF9318DF}.Release|Any CPU.ActiveCfg = Release|Any CPU
		{EC937286-AB7B-4C2F-AF2F-5787AF9318DF}.Release|Any CPU.Build.0 = Release|Any CPU
	EndGlobalSection
	GlobalSection(SolutionProperties) = preSolution
		HideSolutionNode = FALSE
	EndGlobalSection
	GlobalSection(ExtensibilityGlobals) = postSolution
		SolutionGuid = {95337D2E-65F0-4A27-A4E9-8D5B58DD8D1F}
	EndGlobalSection
EndGlobal
